
Microsoft Visual Studio Solution File, Format Version 12.00
# Visual Studio Version 17
VisualStudioVersion = 17.1.32319.34
MinimumVisualStudioVersion = 10.0.40219.1
Project("{FAE04EC0-301F-11D3-BF4B-00C04F79EFBC}") = "KANBAN", "KANBAN.csproj", "{DA1AA618-59CF-4BA1-A067-E9F2588FAD39}"
EndProject
Global
	GlobalSection(SolutionConfigurationPlatforms) = preSolution
		Debug|Any CPU = Debug|Any CPU
		Release|Any CPU = Release|Any CPU
	EndGlobalSection
	GlobalSection(ProjectConfigurationPlatforms) = postSolution
		{DA1AA618-59CF-4BA1-A067-E9F2588FAD39}.Debug|Any CPU.ActiveCfg = Debug|Any CPU
		{DA1AA618-59CF-4BA1-A067-E9F2588FAD39}.Debug|Any CPU.Build.0 = Debug|Any CPU
		{DA1AA618-59CF-4BA1-A067-E9F2588FAD39}.Release|Any CPU.ActiveCfg = Release|Any CPU
		{DA1AA618-59CF-4BA1-A067-E9F2588FAD39}.Release|Any CPU.Build.0 = Release|Any CPU
	EndGlobalSection
	GlobalSection(SolutionProperties) = preSolution
		HideSolutionNode = FALSE
	EndGlobalSection
	GlobalSection(ExtensibilityGlobals) = postSolution
		SolutionGuid = {C0085F8F-9CC1-4FD8-9686-462633413AC7}
	EndGlobalSection
EndGlobal
